// !$*UTF8*$!
{
	archiveVersion = 1;
	classes = {
	};
	objectVersion = 46;
	objects = {

/* Begin PBXBuildFile section */
		478A0F80FDFB3E0F962EA586 /* Pods_Orderify.framework in Frameworks */ = {isa = PBXBuildFile; fileRef = 5E90AD71171F0A93527C0583 /* Pods_Orderify.framework */; };
		84197F291E245B410073A7BE /* BorderedButton.swift in Sources */ = {isa = PBXBuildFile; fileRef = 84197F281E245B410073A7BE /* BorderedButton.swift */; };
		84197F2D1E24A3510073A7BE /* StatisticsView.swift in Sources */ = {isa = PBXBuildFile; fileRef = 84197F2C1E24A3510073A7BE /* StatisticsView.swift */; };
		84197F301E24A3A90073A7BE /* StatisticsCell.swift in Sources */ = {isa = PBXBuildFile; fileRef = 84197F2F1E24A3A90073A7BE /* StatisticsCell.swift */; };
		8428A12B1E233CFC003532BA /* Model.swift in Sources */ = {isa = PBXBuildFile; fileRef = 8428A12A1E233CFC003532BA /* Model.swift */; };
		8428A12E1E2345CC003532BA /* StatisticsController.swift in Sources */ = {isa = PBXBuildFile; fileRef = 8428A12D1E2345CC003532BA /* StatisticsController.swift */; };
		843955D11E232FE700B9FF47 /* AppDelegate.swift in Sources */ = {isa = PBXBuildFile; fileRef = 843955D01E232FE700B9FF47 /* AppDelegate.swift */; };
		843955D61E232FE700B9FF47 /* Main.storyboard in Resources */ = {isa = PBXBuildFile; fileRef = 843955D41E232FE700B9FF47 /* Main.storyboard */; };
		843955D81E232FE700B9FF47 /* Assets.xcassets in Resources */ = {isa = PBXBuildFile; fileRef = 843955D71E232FE700B9FF47 /* Assets.xcassets */; };
		843955DB1E232FE700B9FF47 /* LaunchScreen.storyboard in Resources */ = {isa = PBXBuildFile; fileRef = 843955D91E232FE700B9FF47 /* LaunchScreen.storyboard */; };
		843955E61E232FE700B9FF47 /* OrderifyTests.swift in Sources */ = {isa = PBXBuildFile; fileRef = 843955E51E232FE700B9FF47 /* OrderifyTests.swift */; };
		843955F41E23330D00B9FF47 /* MainController.swift in Sources */ = {isa = PBXBuildFile; fileRef = 843955F31E23330D00B9FF47 /* MainController.swift */; };
		843955F91E23345100B9FF47 /* UIView+Gradient.swift in Sources */ = {isa = PBXBuildFile; fileRef = 843955F81E23345100B9FF47 /* UIView+Gradient.swift */; };
		843955FB1E23391C00B9FF47 /* orders.json in Resources */ = {isa = PBXBuildFile; fileRef = 843955FA1E23391C00B9FF47 /* orders.json */; };
		8462F1A41E29A516007EC63A /* UIColor+Orderify.swift in Sources */ = {isa = PBXBuildFile; fileRef = 8462F1A31E29A515007EC63A /* UIColor+Orderify.swift */; };
		8462F1A71E29ACE2007EC63A /* OrderDetailsController.swift in Sources */ = {isa = PBXBuildFile; fileRef = 8462F1A61E29ACE2007EC63A /* OrderDetailsController.swift */; };
		8462F1AA1E29AF81007EC63A /* BaseViewController.swift in Sources */ = {isa = PBXBuildFile; fileRef = 8462F1A91E29AF81007EC63A /* BaseViewController.swift */; };
		846CA0B71E29BE960022A664 /* ItemCell.swift in Sources */ = {isa = PBXBuildFile; fileRef = 846CA0B61E29BE960022A664 /* ItemCell.swift */; };
		848AC9661E23E2F9003324E9 /* Address+JSON.swift in Sources */ = {isa = PBXBuildFile; fileRef = 848AC9651E23E2F9003324E9 /* Address+JSON.swift */; };
		848AC9691E23E335003324E9 /* Item.swift in Sources */ = {isa = PBXBuildFile; fileRef = 848AC9681E23E335003324E9 /* Item.swift */; };
		848AC96E1E23E3EA003324E9 /* Order.swift in Sources */ = {isa = PBXBuildFile; fileRef = 848AC96D1E23E3EA003324E9 /* Order.swift */; };
		848AC9711E23E421003324E9 /* Customer.swift in Sources */ = {isa = PBXBuildFile; fileRef = 848AC9701E23E421003324E9 /* Customer.swift */; };
		848AC9731E23E458003324E9 /* Parser.swift in Sources */ = {isa = PBXBuildFile; fileRef = 848AC9721E23E458003324E9 /* Parser.swift */; };
		848AC9751E23E463003324E9 /* Address.swift in Sources */ = {isa = PBXBuildFile; fileRef = 848AC9741E23E463003324E9 /* Address.swift */; };
/* End PBXBuildFile section */

/* Begin PBXContainerItemProxy section */
		843955E21E232FE700B9FF47 /* PBXContainerItemProxy */ = {
			isa = PBXContainerItemProxy;
			containerPortal = 843955C51E232FE600B9FF47 /* Project object */;
			proxyType = 1;
			remoteGlobalIDString = 843955CC1E232FE600B9FF47;
			remoteInfo = Orderify;
		};
/* End PBXContainerItemProxy section */

/* Begin PBXFileReference section */
		5E90AD71171F0A93527C0583 /* Pods_Orderify.framework */ = {isa = PBXFileReference; explicitFileType = wrapper.framework; includeInIndex = 0; path = Pods_Orderify.framework; sourceTree = BUILT_PRODUCTS_DIR; };
		84197F281E245B410073A7BE /* BorderedButton.swift */ = {isa = PBXFileReference; fileEncoding = 4; lastKnownFileType = sourcecode.swift; name = BorderedButton.swift; path = "Custom Classes/Bordered Button/BorderedButton.swift"; sourceTree = "<group>"; };
		84197F2C1E24A3510073A7BE /* StatisticsView.swift */ = {isa = PBXFileReference; fileEncoding = 4; lastKnownFileType = sourcecode.swift; name = StatisticsView.swift; path = "View Controllers/Statistics/View/StatisticsView.swift"; sourceTree = "<group>"; };
		84197F2F1E24A3A90073A7BE /* StatisticsCell.swift */ = {isa = PBXFileReference; fileEncoding = 4; lastKnownFileType = sourcecode.swift; name = StatisticsCell.swift; path = "View Controllers/Statistics/View/Cells/StatisticsCell.swift"; sourceTree = "<group>"; };
		8428A12A1E233CFC003532BA /* Model.swift */ = {isa = PBXFileReference; fileEncoding = 4; lastKnownFileType = sourcecode.swift; name = Model.swift; path = Model/Model.swift; sourceTree = "<group>"; };
		8428A12D1E2345CC003532BA /* StatisticsController.swift */ = {isa = PBXFileReference; fileEncoding = 4; lastKnownFileType = sourcecode.swift; name = StatisticsController.swift; path = "View Controllers/Statistics/StatisticsController.swift"; sourceTree = "<group>"; };
		843955CD1E232FE700B9FF47 /* Orderify.app */ = {isa = PBXFileReference; explicitFileType = wrapper.application; includeInIndex = 0; path = Orderify.app; sourceTree = BUILT_PRODUCTS_DIR; };
		843955D01E232FE700B9FF47 /* AppDelegate.swift */ = {isa = PBXFileReference; lastKnownFileType = sourcecode.swift; path = AppDelegate.swift; sourceTree = "<group>"; };
		843955D51E232FE700B9FF47 /* Base */ = {isa = PBXFileReference; lastKnownFileType = file.storyboard; name = Base; path = Base.lproj/Main.storyboard; sourceTree = "<group>"; };
		843955D71E232FE700B9FF47 /* Assets.xcassets */ = {isa = PBXFileReference; lastKnownFileType = folder.assetcatalog; path = Assets.xcassets; sourceTree = "<group>"; };
		843955DA1E232FE700B9FF47 /* Base */ = {isa = PBXFileReference; lastKnownFileType = file.storyboard; name = Base; path = Base.lproj/LaunchScreen.storyboard; sourceTree = "<group>"; };
		843955DC1E232FE700B9FF47 /* Info.plist */ = {isa = PBXFileReference; lastKnownFileType = text.plist.xml; path = Info.plist; sourceTree = "<group>"; };
		843955E11E232FE700B9FF47 /* OrderifyTests.xctest */ = {isa = PBXFileReference; explicitFileType = wrapper.cfbundle; includeInIndex = 0; path = OrderifyTests.xctest; sourceTree = BUILT_PRODUCTS_DIR; };
		843955E51E232FE700B9FF47 /* OrderifyTests.swift */ = {isa = PBXFileReference; lastKnownFileType = sourcecode.swift; path = OrderifyTests.swift; sourceTree = "<group>"; };
		843955E71E232FE700B9FF47 /* Info.plist */ = {isa = PBXFileReference; lastKnownFileType = text.plist.xml; path = Info.plist; sourceTree = "<group>"; };
		843955F31E23330D00B9FF47 /* MainController.swift */ = {isa = PBXFileReference; fileEncoding = 4; lastKnownFileType = sourcecode.swift; name = MainController.swift; path = "View Controllers/Main/MainController.swift"; sourceTree = "<group>"; };
		843955F81E23345100B9FF47 /* UIView+Gradient.swift */ = {isa = PBXFileReference; fileEncoding = 4; lastKnownFileType = sourcecode.swift; path = "UIView+Gradient.swift"; sourceTree = "<group>"; };
		843955FA1E23391C00B9FF47 /* orders.json */ = {isa = PBXFileReference; fileEncoding = 4; lastKnownFileType = text.json; path = orders.json; sourceTree = "<group>"; };
		8462F1A31E29A515007EC63A /* UIColor+Orderify.swift */ = {isa = PBXFileReference; fileEncoding = 4; lastKnownFileType = sourcecode.swift; name = "UIColor+Orderify.swift"; path = "Extensions/UIColor+Orderify.swift"; sourceTree = "<group>"; };
		8462F1A61E29ACE2007EC63A /* OrderDetailsController.swift */ = {isa = PBXFileReference; fileEncoding = 4; lastKnownFileType = sourcecode.swift; name = OrderDetailsController.swift; path = "View Controllers/Order details/OrderDetailsController.swift"; sourceTree = "<group>"; };
		8462F1A91E29AF81007EC63A /* BaseViewController.swift */ = {isa = PBXFileReference; fileEncoding = 4; lastKnownFileType = sourcecode.swift; name = BaseViewController.swift; path = "View Controllers/Base view controller/BaseViewController.swift"; sourceTree = "<group>"; };
		846CA0B61E29BE960022A664 /* ItemCell.swift */ = {isa = PBXFileReference; fileEncoding = 4; lastKnownFileType = sourcecode.swift; name = ItemCell.swift; path = "View Controllers/Order details/View/Cells/ItemCell.swift"; sourceTree = "<group>"; };
		848AC9651E23E2F9003324E9 /* Address+JSON.swift */ = {isa = PBXFileReference; fileEncoding = 4; lastKnownFileType = sourcecode.swift; name = "Address+JSON.swift"; path = "Model/Address/Address+JSON.swift"; sourceTree = "<group>"; };
		848AC9681E23E335003324E9 /* Item.swift */ = {isa = PBXFileReference; fileEncoding = 4; lastKnownFileType = sourcecode.swift; name = Item.swift; path = Model/Item/Item.swift; sourceTree = "<group>"; };
		848AC96D1E23E3EA003324E9 /* Order.swift */ = {isa = PBXFileReference; fileEncoding = 4; lastKnownFileType = sourcecode.swift; name = Order.swift; path = Model/Order/Order.swift; sourceTree = "<group>"; };
		848AC9701E23E421003324E9 /* Customer.swift */ = {isa = PBXFileReference; fileEncoding = 4; lastKnownFileType = sourcecode.swift; name = Customer.swift; path = Model/Customer/Customer.swift; sourceTree = "<group>"; };
		848AC9721E23E458003324E9 /* Parser.swift */ = {isa = PBXFileReference; fileEncoding = 4; lastKnownFileType = sourcecode.swift; name = Parser.swift; path = Model/Parser/Parser.swift; sourceTree = "<group>"; };
		848AC9741E23E463003324E9 /* Address.swift */ = {isa = PBXFileReference; fileEncoding = 4; lastKnownFileType = sourcecode.swift; name = Address.swift; path = Model/Address/Address.swift; sourceTree = "<group>"; };
		AC5A0216B558165C56D0A590 /* Pods-Orderify.release.xcconfig */ = {isa = PBXFileReference; includeInIndex = 1; lastKnownFileType = text.xcconfig; name = "Pods-Orderify.release.xcconfig"; path = "Pods/Target Support Files/Pods-Orderify/Pods-Orderify.release.xcconfig"; sourceTree = "<group>"; };
		E87F4649AD01BB2E652CFB21 /* Pods-Orderify.debug.xcconfig */ = {isa = PBXFileReference; includeInIndex = 1; lastKnownFileType = text.xcconfig; name = "Pods-Orderify.debug.xcconfig"; path = "Pods/Target Support Files/Pods-Orderify/Pods-Orderify.debug.xcconfig"; sourceTree = "<group>"; };
/* End PBXFileReference section */

/* Begin PBXFrameworksBuildPhase section */
		843955CA1E232FE600B9FF47 /* Frameworks */ = {
			isa = PBXFrameworksBuildPhase;
			buildActionMask = 2147483647;
			files = (
				478A0F80FDFB3E0F962EA586 /* Pods_Orderify.framework in Frameworks */,
			);
			runOnlyForDeploymentPostprocessing = 0;
		};
		843955DE1E232FE700B9FF47 /* Frameworks */ = {
			isa = PBXFrameworksBuildPhase;
			buildActionMask = 2147483647;
			files = (
			);
			runOnlyForDeploymentPostprocessing = 0;
		};
/* End PBXFrameworksBuildPhase section */

/* Begin PBXGroup section */
		84197F261E245B140073A7BE /* Custom Classes */ = {
			isa = PBXGroup;
			children = (
				84197F271E245B1B0073A7BE /* Bordered Button */,
			);
			name = "Custom Classes";
			sourceTree = "<group>";
		};
		84197F271E245B1B0073A7BE /* Bordered Button */ = {
			isa = PBXGroup;
			children = (
				84197F281E245B410073A7BE /* BorderedButton.swift */,
			);
			name = "Bordered Button";
			sourceTree = "<group>";
		};
		84197F2A1E24A3230073A7BE /* Controller */ = {
			isa = PBXGroup;
			children = (
				8428A12D1E2345CC003532BA /* StatisticsController.swift */,
			);
			name = Controller;
			sourceTree = "<group>";
		};
		84197F2B1E24A32D0073A7BE /* View */ = {
			isa = PBXGroup;
			children = (
				84197F2E1E24A38E0073A7BE /* Cells */,
				84197F2C1E24A3510073A7BE /* StatisticsView.swift */,
			);
			name = View;
			sourceTree = "<group>";
		};
		84197F2E1E24A38E0073A7BE /* Cells */ = {
			isa = PBXGroup;
			children = (
				84197F2F1E24A3A90073A7BE /* StatisticsCell.swift */,
			);
			name = Cells;
			sourceTree = "<group>";
		};
		8428A12C1E2345AD003532BA /* Statistics */ = {
			isa = PBXGroup;
			children = (
				84197F2B1E24A32D0073A7BE /* View */,
				84197F2A1E24A3230073A7BE /* Controller */,
			);
			name = Statistics;
			sourceTree = "<group>";
		};
		8428A1311E23E27A003532BA /* Address */ = {
			isa = PBXGroup;
			children = (
				848AC9741E23E463003324E9 /* Address.swift */,
				848AC9651E23E2F9003324E9 /* Address+JSON.swift */,
			);
			name = Address;
			sourceTree = "<group>";
		};
		843955C41E232FE600B9FF47 = {
			isa = PBXGroup;
			children = (
				843955CF1E232FE700B9FF47 /* Orderify */,
				843955E41E232FE700B9FF47 /* OrderifyTests */,
				843955CE1E232FE700B9FF47 /* Products */,
				C7687FB403DC70D9CCA67BD1 /* Pods */,
				A0881F7D2A3B26A620175255 /* Frameworks */,
			);
			sourceTree = "<group>";
		};
		843955CE1E232FE700B9FF47 /* Products */ = {
			isa = PBXGroup;
			children = (
				843955CD1E232FE700B9FF47 /* Orderify.app */,
				843955E11E232FE700B9FF47 /* OrderifyTests.xctest */,
			);
			name = Products;
			sourceTree = "<group>";
		};
		843955CF1E232FE700B9FF47 /* Orderify */ = {
			isa = PBXGroup;
			children = (
				84197F261E245B140073A7BE /* Custom Classes */,
				843955F51E23341300B9FF47 /* Extensions */,
				843955F11E2332E900B9FF47 /* ViewControllers */,
				843955F01E23304300B9FF47 /* Model */,
				843955F61E23341A00B9FF47 /* Supporting Files */,
				843955F71E23342B00B9FF47 /* Resources */,
			);
			path = Orderify;
			sourceTree = "<group>";
		};
		843955E41E232FE700B9FF47 /* OrderifyTests */ = {
			isa = PBXGroup;
			children = (
				843955E51E232FE700B9FF47 /* OrderifyTests.swift */,
				843955E71E232FE700B9FF47 /* Info.plist */,
			);
			path = OrderifyTests;
			sourceTree = "<group>";
		};
		843955F01E23304300B9FF47 /* Model */ = {
			isa = PBXGroup;
			children = (
				848AC96F1E23E40D003324E9 /* Customer */,
				848AC96C1E23E3DA003324E9 /* Order */,
				848AC9671E23E326003324E9 /* Item */,
				8428A1311E23E27A003532BA /* Address */,
				8428A12A1E233CFC003532BA /* Model.swift */,
				848AC9721E23E458003324E9 /* Parser.swift */,
			);
			name = Model;
			sourceTree = "<group>";
		};
		843955F11E2332E900B9FF47 /* ViewControllers */ = {
			isa = PBXGroup;
			children = (
				8462F1A51E29ACB8007EC63A /* Order details */,
				8428A12C1E2345AD003532BA /* Statistics */,
				843955F21E2332F000B9FF47 /* Main */,
				8462F1A81E29AF53007EC63A /* Base view controller */,
			);
			name = ViewControllers;
			sourceTree = "<group>";
		};
		843955F21E2332F000B9FF47 /* Main */ = {
			isa = PBXGroup;
			children = (
				843955F31E23330D00B9FF47 /* MainController.swift */,
			);
			name = Main;
			sourceTree = "<group>";
		};
		843955F51E23341300B9FF47 /* Extensions */ = {
			isa = PBXGroup;
			children = (
				843955F81E23345100B9FF47 /* UIView+Gradient.swift */,
				8462F1A31E29A515007EC63A /* UIColor+Orderify.swift */,
			);
			name = Extensions;
			sourceTree = "<group>";
		};
		843955F61E23341A00B9FF47 /* Supporting Files */ = {
			isa = PBXGroup;
			children = (
				843955FA1E23391C00B9FF47 /* orders.json */,
				843955DC1E232FE700B9FF47 /* Info.plist */,
				843955D91E232FE700B9FF47 /* LaunchScreen.storyboard */,
				843955D41E232FE700B9FF47 /* Main.storyboard */,
				843955D01E232FE700B9FF47 /* AppDelegate.swift */,
			);
			name = "Supporting Files";
			sourceTree = "<group>";
		};
		843955F71E23342B00B9FF47 /* Resources */ = {
			isa = PBXGroup;
			children = (
				843955D71E232FE700B9FF47 /* Assets.xcassets */,
			);
			name = Resources;
			sourceTree = "<group>";
		};
		8462F1A51E29ACB8007EC63A /* Order details */ = {
			isa = PBXGroup;
			children = (
				846CA0B21E29BE4A0022A664 /* View */,
				846CA0B51E29BE600022A664 /* Controller */,
			);
			name = "Order details";
			sourceTree = "<group>";
		};
		8462F1A81E29AF53007EC63A /* Base view controller */ = {
			isa = PBXGroup;
			children = (
				8462F1A91E29AF81007EC63A /* BaseViewController.swift */,
			);
			name = "Base view controller";
			sourceTree = "<group>";
		};
		846CA0B21E29BE4A0022A664 /* View */ = {
			isa = PBXGroup;
			children = (
				846CA0B41E29BE5C0022A664 /* Cells */,
			);
			name = View;
			sourceTree = "<group>";
		};
		846CA0B41E29BE5C0022A664 /* Cells */ = {
			isa = PBXGroup;
			children = (
				846CA0B61E29BE960022A664 /* ItemCell.swift */,
			);
			name = Cells;
			sourceTree = "<group>";
		};
		846CA0B51E29BE600022A664 /* Controller */ = {
			isa = PBXGroup;
			children = (
				8462F1A61E29ACE2007EC63A /* OrderDetailsController.swift */,
			);
			name = Controller;
			sourceTree = "<group>";
		};
		848AC9671E23E326003324E9 /* Item */ = {
			isa = PBXGroup;
			children = (
				848AC9681E23E335003324E9 /* Item.swift */,
			);
			name = Item;
			sourceTree = "<group>";
		};
		848AC96C1E23E3DA003324E9 /* Order */ = {
			isa = PBXGroup;
			children = (
				848AC96D1E23E3EA003324E9 /* Order.swift */,
			);
			name = Order;
			sourceTree = "<group>";
		};
		848AC96F1E23E40D003324E9 /* Customer */ = {
			isa = PBXGroup;
			children = (
				848AC9701E23E421003324E9 /* Customer.swift */,
			);
			name = Customer;
			sourceTree = "<group>";
		};
		A0881F7D2A3B26A620175255 /* Frameworks */ = {
			isa = PBXGroup;
			children = (
				5E90AD71171F0A93527C0583 /* Pods_Orderify.framework */,
			);
			name = Frameworks;
			sourceTree = "<group>";
		};
		C7687FB403DC70D9CCA67BD1 /* Pods */ = {
			isa = PBXGroup;
			children = (
				E87F4649AD01BB2E652CFB21 /* Pods-Orderify.debug.xcconfig */,
				AC5A0216B558165C56D0A590 /* Pods-Orderify.release.xcconfig */,
			);
			name = Pods;
			sourceTree = "<group>";
		};
/* End PBXGroup section */

/* Begin PBXNativeTarget section */
		843955CC1E232FE600B9FF47 /* Orderify */ = {
			isa = PBXNativeTarget;
			buildConfigurationList = 843955EA1E232FE700B9FF47 /* Build configuration list for PBXNativeTarget "Orderify" */;
			buildPhases = (
				051EB91749931AF39F5D0BA6 /* [CP] Check Pods Manifest.lock */,
				843955C91E232FE600B9FF47 /* Sources */,
				843955CA1E232FE600B9FF47 /* Frameworks */,
				843955CB1E232FE600B9FF47 /* Resources */,
				C2C928AD704E12C7BC75426C /* [CP] Embed Pods Frameworks */,
				463680A5464623D618A23F7D /* [CP] Copy Pods Resources */,
			);
			buildRules = (
			);
			dependencies = (
			);
			name = Orderify;
			productName = Orderify;
			productReference = 843955CD1E232FE700B9FF47 /* Orderify.app */;
			productType = "com.apple.product-type.application";
		};
		843955E01E232FE700B9FF47 /* OrderifyTests */ = {
			isa = PBXNativeTarget;
			buildConfigurationList = 843955ED1E232FE700B9FF47 /* Build configuration list for PBXNativeTarget "OrderifyTests" */;
			buildPhases = (
				843955DD1E232FE700B9FF47 /* Sources */,
				843955DE1E232FE700B9FF47 /* Frameworks */,
				843955DF1E232FE700B9FF47 /* Resources */,
			);
			buildRules = (
			);
			dependencies = (
				843955E31E232FE700B9FF47 /* PBXTargetDependency */,
			);
			name = OrderifyTests;
			productName = OrderifyTests;
			productReference = 843955E11E232FE700B9FF47 /* OrderifyTests.xctest */;
			productType = "com.apple.product-type.bundle.unit-test";
		};
/* End PBXNativeTarget section */

/* Begin PBXProject section */
		843955C51E232FE600B9FF47 /* Project object */ = {
			isa = PBXProject;
			attributes = {
				LastSwiftUpdateCheck = 0820;
				LastUpgradeCheck = 0820;
				ORGANIZATIONNAME = roudique.com;
				TargetAttributes = {
					843955CC1E232FE600B9FF47 = {
						CreatedOnToolsVersion = 8.2.1;
						DevelopmentTeam = Y3RCB36D2R;
						ProvisioningStyle = Automatic;
					};
					843955E01E232FE700B9FF47 = {
						CreatedOnToolsVersion = 8.2.1;
						DevelopmentTeam = Y3RCB36D2R;
						ProvisioningStyle = Automatic;
						TestTargetID = 843955CC1E232FE600B9FF47;
					};
				};
			};
			buildConfigurationList = 843955C81E232FE600B9FF47 /* Build configuration list for PBXProject "Orderify" */;
			compatibilityVersion = "Xcode 3.2";
			developmentRegion = English;
			hasScannedForEncodings = 0;
			knownRegions = (
				en,
				Base,
			);
			mainGroup = 843955C41E232FE600B9FF47;
			productRefGroup = 843955CE1E232FE700B9FF47 /* Products */;
			projectDirPath = "";
			projectRoot = "";
			targets = (
				843955CC1E232FE600B9FF47 /* Orderify */,
				843955E01E232FE700B9FF47 /* OrderifyTests */,
			);
		};
/* End PBXProject section */

/* Begin PBXResourcesBuildPhase section */
		843955CB1E232FE600B9FF47 /* Resources */ = {
			isa = PBXResourcesBuildPhase;
			buildActionMask = 2147483647;
			files = (
				843955DB1E232FE700B9FF47 /* LaunchScreen.storyboard in Resources */,
				843955D81E232FE700B9FF47 /* Assets.xcassets in Resources */,
				843955FB1E23391C00B9FF47 /* orders.json in Resources */,
				843955D61E232FE700B9FF47 /* Main.storyboard in Resources */,
			);
			runOnlyForDeploymentPostprocessing = 0;
		};
		843955DF1E232FE700B9FF47 /* Resources */ = {
			isa = PBXResourcesBuildPhase;
			buildActionMask = 2147483647;
			files = (
			);
			runOnlyForDeploymentPostprocessing = 0;
		};
/* End PBXResourcesBuildPhase section */

/* Begin PBXShellScriptBuildPhase section */
		051EB91749931AF39F5D0BA6 /* [CP] Check Pods Manifest.lock */ = {
			isa = PBXShellScriptBuildPhase;
			buildActionMask = 2147483647;
			files = (
			);
			inputPaths = (
			);
			name = "[CP] Check Pods Manifest.lock";
			outputPaths = (
			);
			runOnlyForDeploymentPostprocessing = 0;
			shellPath = /bin/sh;
			shellScript = "diff \"${PODS_ROOT}/../Podfile.lock\" \"${PODS_ROOT}/Manifest.lock\" > /dev/null\nif [ $? != 0 ] ; then\n    # print error to STDERR\n    echo \"error: The sandbox is not in sync with the Podfile.lock. Run 'pod install' or update your CocoaPods installation.\" >&2\n    exit 1\nfi\n";
			showEnvVarsInLog = 0;
		};
		463680A5464623D618A23F7D /* [CP] Copy Pods Resources */ = {
			isa = PBXShellScriptBuildPhase;
			buildActionMask = 2147483647;
			files = (
			);
			inputPaths = (
			);
			name = "[CP] Copy Pods Resources";
			outputPaths = (
			);
			runOnlyForDeploymentPostprocessing = 0;
			shellPath = /bin/sh;
			shellScript = "\"${SRCROOT}/Pods/Target Support Files/Pods-Orderify/Pods-Orderify-resources.sh\"\n";
			showEnvVarsInLog = 0;
		};
		C2C928AD704E12C7BC75426C /* [CP] Embed Pods Frameworks */ = {
			isa = PBXShellScriptBuildPhase;
			buildActionMask = 2147483647;
			files = (
			);
			inputPaths = (
			);
			name = "[CP] Embed Pods Frameworks";
			outputPaths = (
			);
			runOnlyForDeploymentPostprocessing = 0;
			shellPath = /bin/sh;
			shellScript = "\"${SRCROOT}/Pods/Target Support Files/Pods-Orderify/Pods-Orderify-frameworks.sh\"\n";
			showEnvVarsInLog = 0;
		};
/* End PBXShellScriptBuildPhase section */

/* Begin PBXSourcesBuildPhase section */
		843955C91E232FE600B9FF47 /* Sources */ = {
			isa = PBXSourcesBuildPhase;
			buildActionMask = 2147483647;
			files = (
				848AC9661E23E2F9003324E9 /* Address+JSON.swift in Sources */,
				848AC9731E23E458003324E9 /* Parser.swift in Sources */,
				846CA0B71E29BE960022A664 /* ItemCell.swift in Sources */,
				8462F1A41E29A516007EC63A /* UIColor+Orderify.swift in Sources */,
				84197F291E245B410073A7BE /* BorderedButton.swift in Sources */,
				848AC9691E23E335003324E9 /* Item.swift in Sources */,
				848AC96E1E23E3EA003324E9 /* Order.swift in Sources */,
				84197F2D1E24A3510073A7BE /* StatisticsView.swift in Sources */,
				8462F1AA1E29AF81007EC63A /* BaseViewController.swift in Sources */,
				843955F41E23330D00B9FF47 /* MainController.swift in Sources */,
				843955F91E23345100B9FF47 /* UIView+Gradient.swift in Sources */,
				848AC9751E23E463003324E9 /* Address.swift in Sources */,
				8428A12B1E233CFC003532BA /* Model.swift in Sources */,
				84197F301E24A3A90073A7BE /* StatisticsCell.swift in Sources */,
				848AC9711E23E421003324E9 /* Customer.swift in Sources */,
				8462F1A71E29ACE2007EC63A /* OrderDetailsController.swift in Sources */,
				843955D11E232FE700B9FF47 /* AppDelegate.swift in Sources */,
				8428A12E1E2345CC003532BA /* StatisticsController.swift in Sources */,
			);
			runOnlyForDeploymentPostprocessing = 0;
		};
		843955DD1E232FE700B9FF47 /* Sources */ = {
			isa = PBXSourcesBuildPhase;
			buildActionMask = 2147483647;
			files = (
				843955E61E232FE700B9FF47 /* OrderifyTests.swift in Sources */,
			);
			runOnlyForDeploymentPostprocessing = 0;
		};
/* End PBXSourcesBuildPhase section */

/* Begin PBXTargetDependency section */
		843955E31E232FE700B9FF47 /* PBXTargetDependency */ = {
			isa = PBXTargetDependency;
			target = 843955CC1E232FE600B9FF47 /* Orderify */;
			targetProxy = 843955E21E232FE700B9FF47 /* PBXContainerItemProxy */;
		};
/* End PBXTargetDependency section */

/* Begin PBXVariantGroup section */
		843955D41E232FE700B9FF47 /* Main.storyboard */ = {
			isa = PBXVariantGroup;
			children = (
				843955D51E232FE700B9FF47 /* Base */,
			);
			name = Main.storyboard;
			sourceTree = "<group>";
		};
		843955D91E232FE700B9FF47 /* LaunchScreen.storyboard */ = {
			isa = PBXVariantGroup;
			children = (
				843955DA1E232FE700B9FF47 /* Base */,
			);
			name = LaunchScreen.storyboard;
			sourceTree = "<group>";
		};
/* End PBXVariantGroup section */

/* Begin XCBuildConfiguration section */
		843955E81E232FE700B9FF47 /* Debug */ = {
			isa = XCBuildConfiguration;
			buildSettings = {
				ALWAYS_SEARCH_USER_PATHS = NO;
				CLANG_ANALYZER_NONNULL = YES;
				CLANG_CXX_LANGUAGE_STANDARD = "gnu++0x";
				CLANG_CXX_LIBRARY = "libc++";
				CLANG_ENABLE_MODULES = YES;
				CLANG_ENABLE_OBJC_ARC = YES;
				CLANG_WARN_BOOL_CONVERSION = YES;
				CLANG_WARN_CONSTANT_CONVERSION = YES;
				CLANG_WARN_DIRECT_OBJC_ISA_USAGE = YES_ERROR;
				CLANG_WARN_DOCUMENTATION_COMMENTS = YES;
				CLANG_WARN_EMPTY_BODY = YES;
				CLANG_WARN_ENUM_CONVERSION = YES;
				CLANG_WARN_INFINITE_RECURSION = YES;
				CLANG_WARN_INT_CONVERSION = YES;
				CLANG_WARN_OBJC_ROOT_CLASS = YES_ERROR;
				CLANG_WARN_SUSPICIOUS_MOVE = YES;
				CLANG_WARN_UNREACHABLE_CODE = YES;
				CLANG_WARN__DUPLICATE_METHOD_MATCH = YES;
				"CODE_SIGN_IDENTITY[sdk=iphoneos*]" = "iPhone Developer";
				COPY_PHASE_STRIP = NO;
				DEBUG_INFORMATION_FORMAT = dwarf;
				ENABLE_STRICT_OBJC_MSGSEND = YES;
				ENABLE_TESTABILITY = YES;
				GCC_C_LANGUAGE_STANDARD = gnu99;
				GCC_DYNAMIC_NO_PIC = NO;
				GCC_NO_COMMON_BLOCKS = YES;
				GCC_OPTIMIZATION_LEVEL = 0;
				GCC_PREPROCESSOR_DEFINITIONS = (
					"DEBUG=1",
					"$(inherited)",
				);
				GCC_WARN_64_TO_32_BIT_CONVERSION = YES;
				GCC_WARN_ABOUT_RETURN_TYPE = YES_ERROR;
				GCC_WARN_UNDECLARED_SELECTOR = YES;
				GCC_WARN_UNINITIALIZED_AUTOS = YES_AGGRESSIVE;
				GCC_WARN_UNUSED_FUNCTION = YES;
				GCC_WARN_UNUSED_VARIABLE = YES;
				IPHONEOS_DEPLOYMENT_TARGET = 10.2;
				MTL_ENABLE_DEBUG_INFO = YES;
				ONLY_ACTIVE_ARCH = YES;
				SDKROOT = iphoneos;
				SWIFT_ACTIVE_COMPILATION_CONDITIONS = DEBUG;
				SWIFT_OPTIMIZATION_LEVEL = "-Onone";
				TARGETED_DEVICE_FAMILY = "1,2";
			};
			name = Debug;
		};
		843955E91E232FE700B9FF47 /* Release */ = {
			isa = XCBuildConfiguration;
			buildSettings = {
				ALWAYS_SEARCH_USER_PATHS = NO;
				CLANG_ANALYZER_NONNULL = YES;
				CLANG_CXX_LANGUAGE_STANDARD = "gnu++0x";
				CLANG_CXX_LIBRARY = "libc++";
				CLANG_ENABLE_MODULES = YES;
				CLANG_ENABLE_OBJC_ARC = YES;
				CLANG_WARN_BOOL_CONVERSION = YES;
				CLANG_WARN_CONSTANT_CONVERSION = YES;
				CLANG_WARN_DIRECT_OBJC_ISA_USAGE = YES_ERROR;
				CLANG_WARN_DOCUMENTATION_COMMENTS = YES;
				CLANG_WARN_EMPTY_BODY = YES;
				CLANG_WARN_ENUM_CONVERSION = YES;
				CLANG_WARN_INFINITE_RECURSION = YES;
				CLANG_WARN_INT_CONVERSION = YES;
				CLANG_WARN_OBJC_ROOT_CLASS = YES_ERROR;
				CLANG_WARN_SUSPICIOUS_MOVE = YES;
				CLANG_WARN_UNREACHABLE_CODE = YES;
				CLANG_WARN__DUPLICATE_METHOD_MATCH = YES;
				"CODE_SIGN_IDENTITY[sdk=iphoneos*]" = "iPhone Developer";
				COPY_PHASE_STRIP = NO;
				DEBUG_INFORMATION_FORMAT = "dwarf-with-dsym";
				ENABLE_NS_ASSERTIONS = NO;
				ENABLE_STRICT_OBJC_MSGSEND = YES;
				GCC_C_LANGUAGE_STANDARD = gnu99;
				GCC_NO_COMMON_BLOCKS = YES;
				GCC_WARN_64_TO_32_BIT_CONVERSION = YES;
				GCC_WARN_ABOUT_RETURN_TYPE = YES_ERROR;
				GCC_WARN_UNDECLARED_SELECTOR = YES;
				GCC_WARN_UNINITIALIZED_AUTOS = YES_AGGRESSIVE;
				GCC_WARN_UNUSED_FUNCTION = YES;
				GCC_WARN_UNUSED_VARIABLE = YES;
				IPHONEOS_DEPLOYMENT_TARGET = 10.2;
				MTL_ENABLE_DEBUG_INFO = NO;
				SDKROOT = iphoneos;
				SWIFT_OPTIMIZATION_LEVEL = "-Owholemodule";
				TARGETED_DEVICE_FAMILY = "1,2";
				VALIDATE_PRODUCT = YES;
			};
			name = Release;
		};
		843955EB1E232FE700B9FF47 /* Debug */ = {
			isa = XCBuildConfiguration;
			baseConfigurationReference = E87F4649AD01BB2E652CFB21 /* Pods-Orderify.debug.xcconfig */;
			buildSettings = {
				ASSETCATALOG_COMPILER_APPICON_NAME = AppIcon;
				DEVELOPMENT_TEAM = Y3RCB36D2R;
				INFOPLIST_FILE = Orderify/Info.plist;
				IPHONEOS_DEPLOYMENT_TARGET = 9.3;
				LD_RUNPATH_SEARCH_PATHS = "$(inherited) @executable_path/Frameworks";
				PRODUCT_BUNDLE_IDENTIFIER = com.roudique.Orderify;
				PRODUCT_NAME = "$(TARGET_NAME)";
				SWIFT_VERSION = 3.0;
			};
			name = Debug;
		};
		843955EC1E232FE700B9FF47 /* Release */ = {
			isa = XCBuildConfiguration;
			baseConfigurationReference = AC5A0216B558165C56D0A590 /* Pods-Orderify.release.xcconfig */;
			buildSettings = {
				ASSETCATALOG_COMPILER_APPICON_NAME = AppIcon;
				DEVELOPMENT_TEAM = Y3RCB36D2R;
				INFOPLIST_FILE = Orderify/Info.plist;
				IPHONEOS_DEPLOYMENT_TARGET = 9.3;
				LD_RUNPATH_SEARCH_PATHS = "$(inherited) @executable_path/Frameworks";
				PRODUCT_BUNDLE_IDENTIFIER = com.roudique.Orderify;
				PRODUCT_NAME = "$(TARGET_NAME)";
				SWIFT_VERSION = 3.0;
			};
			name = Release;
		};
		843955EE1E232FE700B9FF47 /* Debug */ = {
			isa = XCBuildConfiguration;
			buildSettings = {
				ALWAYS_EMBED_SWIFT_STANDARD_LIBRARIES = YES;
				BUNDLE_LOADER = "$(TEST_HOST)";
				DEVELOPMENT_TEAM = Y3RCB36D2R;
				INFOPLIST_FILE = OrderifyTests/Info.plist;
				LD_RUNPATH_SEARCH_PATHS = "$(inherited) @executable_path/Frameworks @loader_path/Frameworks";
				PRODUCT_BUNDLE_IDENTIFIER = com.roudique.OrderifyTests;
				PRODUCT_NAME = "$(TARGET_NAME)";
				SWIFT_VERSION = 3.0;
				TEST_HOST = "$(BUILT_PRODUCTS_DIR)/Orderify.app/Orderify";
			};
			name = Debug;
		};
		843955EF1E232FE700B9FF47 /* Release */ = {
			isa = XCBuildConfiguration;
			buildSettings = {
				ALWAYS_EMBED_SWIFT_STANDARD_LIBRARIES = YES;
				BUNDLE_LOADER = "$(TEST_HOST)";
				DEVELOPMENT_TEAM = Y3RCB36D2R;
				INFOPLIST_FILE = OrderifyTests/Info.plist;
				LD_RUNPATH_SEARCH_PATHS = "$(inherited) @executable_path/Frameworks @loader_path/Frameworks";
				PRODUCT_BUNDLE_IDENTIFIER = com.roudique.OrderifyTests;
				PRODUCT_NAME = "$(TARGET_NAME)";
				SWIFT_VERSION = 3.0;
				TEST_HOST = "$(BUILT_PRODUCTS_DIR)/Orderify.app/Orderify";
			};
			name = Release;
		};
/* End XCBuildConfiguration section */

/* Begin XCConfigurationList section */
		843955C81E232FE600B9FF47 /* Build configuration list for PBXProject "Orderify" */ = {
			isa = XCConfigurationList;
			buildConfigurations = (
				843955E81E232FE700B9FF47 /* Debug */,
				843955E91E232FE700B9FF47 /* Release */,
			);
			defaultConfigurationIsVisible = 0;
			defaultConfigurationName = Release;
		};
		843955EA1E232FE700B9FF47 /* Build configuration list for PBXNativeTarget "Orderify" */ = {
			isa = XCConfigurationList;
			buildConfigurations = (
				843955EB1E232FE700B9FF47 /* Debug */,
				843955EC1E232FE700B9FF47 /* Release */,
			);
			defaultConfigurationIsVisible = 0;
			defaultConfigurationName = Release;
		};
		843955ED1E232FE700B9FF47 /* Build configuration list for PBXNativeTarget "OrderifyTests" */ = {
			isa = XCConfigurationList;
			buildConfigurations = (
				843955EE1E232FE700B9FF47 /* Debug */,
				843955EF1E232FE700B9FF47 /* Release */,
			);
			defaultConfigurationIsVisible = 0;
			defaultConfigurationName = Release;
		};
/* End XCConfigurationList section */
	};
	rootObject = 843955C51E232FE600B9FF47 /* Project object */;
}
